
Microsoft Visual Studio Solution File, Format Version 12.00
# Visual Studio Version 17
VisualStudioVersion = 17.2.32516.85
MinimumVisualStudioVersion = 10.0.40219.1
Project("{FAE04EC0-301F-11D3-BF4B-00C04F79EFBC}") = "MethodOverloading", "MethodOverloading.csproj", "{11EEB7B5-F5C1-4796-86F8-26E5F93F2074}"
EndProject
Global
	GlobalSection(SolutionConfigurationPlatforms) = preSolution
		Debug|Any CPU = Debug|Any CPU
		Release|Any CPU = Release|Any CPU
	EndGlobalSection
	GlobalSection(ProjectConfigurationPlatforms) = postSolution
		{11EEB7B5-F5C1-4796-86F8-26E5F93F2074}.Debug|Any CPU.ActiveCfg = Debug|Any CPU
		{11EEB7B5-F5C1-4796-86F8-26E5F93F2074}.Debug|Any CPU.Build.0 = Debug|Any CPU
		{11EEB7B5-F5C1-4796-86F8-26E5F93F2074}.Release|Any CPU.ActiveCfg = Release|Any CPU
		{11EEB7B5-F5C1-4796-86F8-26E5F93F2074}.Release|Any CPU.Build.0 = Release|Any CPU
	EndGlobalSection
	GlobalSection(SolutionProperties) = preSolution
		HideSolutionNode = FALSE
	EndGlobalSection
	GlobalSection(ExtensibilityGlobals) = postSolution
		SolutionGuid = {1FD18DFA-3609-4038-BE80-36AE5ADDA8D3}
	EndGlobalSection
EndGlobal
